{
    "_readme": [
        "This file locks the dependencies of your project to a known state",
        "Read more about it at https://getcomposer.org/doc/01-basic-usage.md#composer-lock-the-lock-file",
        "This file is @generated automatically"
    ],
    "hash": "e68ad522c015878761ab7a28860b8ea5",
    "content-hash": "329615d6a05e1d572837bf0e73be65ab",
    "packages": [
        {
            "name": "forxer/gravatar",
            "version": "1.3.1",
            "source": {
                "type": "git",
                "url": "https://github.com/forxer/gravatar.git",
                "reference": "98a17ed7880b986d03356baa7bc01b0162761c05"
            },
            "dist": {
                "type": "zip",
                "url": "https://api.github.com/repos/forxer/gravatar/zipball/98a17ed7880b986d03356baa7bc01b0162761c05",
                "reference": "98a17ed7880b986d03356baa7bc01b0162761c05",
                "shasum": ""
            },
            "require": {
                "php": ">=5.4.0"
            },
            "type": "library",
            "autoload": {
                "psr-4": {
                    "forxer\\Gravatar\\": "src"
                }
            },
            "notification-url": "https://packagist.org/downloads/",
            "license": [
                "MIT"
            ],
            "authors": [
                {
                    "name": "Vincent Garnier",
                    "email": "forxer@gmail.org",
                    "homepage": "http://forx.fr"
                }
            ],
            "description": "A library providing easy gravatar integration.",
            "keywords": [
                "gravatar"
            ],
            "time": "2016-02-26 21:12:47"
        },
        {
            "name": "leafo/scssphp",
            "version": "v0.6.6",
            "source": {
                "type": "git",
                "url": "https://github.com/leafo/scssphp.git",
                "reference": "6fdfe19d2b13a3f12ba0792227f0718809ce4e4d"
            },
            "dist": {
                "type": "zip",
                "url": "https://api.github.com/repos/leafo/scssphp/zipball/6fdfe19d2b13a3f12ba0792227f0718809ce4e4d",
                "reference": "6fdfe19d2b13a3f12ba0792227f0718809ce4e4d",
                "shasum": ""
            },
            "require": {
                "php": ">=5.4.0"
            },
            "require-dev": {
                "kherge/box": "~2.5",
                "phpunit/phpunit": "~3.7",
                "squizlabs/php_codesniffer": "~2.5"
            },
            "bin": [
                "bin/pscss"
            ],
            "type": "library",
            "autoload": {
                "psr-4": {
                    "Leafo\\ScssPhp\\": "src/"
                }
            },
            "notification-url": "https://packagist.org/downloads/",
            "license": [
                "MIT"
            ],
            "authors": [
                {
                    "name": "Leaf Corcoran",
                    "email": "leafot@gmail.com",
                    "homepage": "http://leafo.net"
                }
            ],
            "description": "scssphp is a compiler for SCSS written in PHP.",
            "homepage": "http://leafo.github.io/scssphp/",
            "keywords": [
                "css",
                "less",
                "sass",
                "scss",
                "stylesheet"
            ],
            "time": "2016-09-11 01:34:11"
        },
        {
            "name": "mustache/mustache",
            "version": "v2.11.1",
            "source": {
                "type": "git",
                "url": "https://github.com/bobthecow/mustache.php.git",
                "reference": "a3f6d55996dd28b58f3a909d474189a3c1aa693f"
            },
            "dist": {
                "type": "zip",
                "url": "https://api.github.com/repos/bobthecow/mustache.php/zipball/a3f6d55996dd28b58f3a909d474189a3c1aa693f",
                "reference": "a3f6d55996dd28b58f3a909d474189a3c1aa693f",
                "shasum": ""
            },
            "require": {
                "php": ">=5.2.4"
            },
            "require-dev": {
                "friendsofphp/php-cs-fixer": "~1.11",
                "phpunit/phpunit": "~3.7|~4.0|~5.0"
            },
            "type": "library",
            "autoload": {
                "psr-0": {
                    "Mustache": "src/"
                }
            },
            "notification-url": "https://packagist.org/downloads/",
            "license": [
                "MIT"
            ],
            "authors": [
                {
                    "name": "Justin Hileman",
                    "email": "justin@justinhileman.info",
                    "homepage": "http://justinhileman.com"
                }
            ],
            "description": "A Mustache implementation in PHP.",
            "homepage": "https://github.com/bobthecow/mustache.php",
            "keywords": [
                "mustache",
                "templating"
            ],
            "time": "2016-07-31 06:18:27"
        },
        {
            "name": "phroute/phroute",
            "version": "v2.1.0",
            "source": {
                "type": "git",
                "url": "https://github.com/mrjgreen/phroute.git",
                "reference": "dbe2b986f9ee1dd33dc956fcc35d1fa22e8e196c"
            },
            "dist": {
                "type": "zip",
                "url": "https://api.github.com/repos/mrjgreen/phroute/zipball/dbe2b986f9ee1dd33dc956fcc35d1fa22e8e196c",
                "reference": "dbe2b986f9ee1dd33dc956fcc35d1fa22e8e196c",
                "shasum": ""
            },
            "require": {
                "php": ">=5.4.0"
            },
            "require-dev": {
                "phpunit/phpunit": "*",
                "satooshi/php-coveralls": "dev-master"
            },
            "type": "library",
            "autoload": {
                "psr-4": {
                    "Phroute\\Phroute\\": "src/Phroute"
                }
            },
            "notification-url": "https://packagist.org/downloads/",
            "license": [
                "BSD-3-Clause"
            ],
            "authors": [
                {
                    "name": "Joe Green",
                    "email": "joe.green.0991@gmail.com"
                }
            ],
            "description": "Fast, fully featured restful request router for PHP",
            "keywords": [
                "router",
                "routing"
            ],
            "time": "2015-07-22 20:46:43"
        },
        {
            "name": "pinguinio/node-php-process",
            "version": "dev-master",
            "source": {
                "type": "git",
                "url": "https://github.com/pinguinio/node-php-process.git",
                "reference": "baffe4f4078dd5730b083932a0bf8424ca030788"
            },
            "dist": {
                "type": "zip",
                "url": "https://api.github.com/repos/pinguinio/node-php-process/zipball/baffe4f4078dd5730b083932a0bf8424ca030788",
                "reference": "baffe4f4078dd5730b083932a0bf8424ca030788",
                "shasum": ""
            },
            "type": "library",
            "autoload": {
                "psr-4": {
                    "pinguinio\\": "src/"
                }
            },
            "license": [
                "MIT"
            ],
            "authors": [
                {
                    "name": "Jake Wood",
                    "email": "jwood@paradowski.com"
                }
            ],
            "description": "Provides a standard for handing off processing to node and having node respond with its results.",
            "support": {
                "source": "https://github.com/pinguinio/node-php-process/tree/master",
                "issues": "https://github.com/pinguinio/node-php-process/issues"
            },
            "time": "2016-10-12 19:57:20"
        },
        {
            "name": "pinguinio/puffin-feather",
            "version": "v0001",
            "source": {
                "type": "git",
                "url": "https://bitbucket.org/pinguinio/puffin-feather.git",
                "reference": "8e940c44b17457f7c660fbffb306d00df1dba473"
            },
            "dist": {
                "type": "zip",
                "url": "https://bitbucket.org/pinguinio/puffin-feather/get/8e940c44b17457f7c660fbffb306d00df1dba473.zip",
                "reference": "8e940c44b17457f7c660fbffb306d00df1dba473",
                "shasum": ""
            },
            "type": "library",
            "autoload": {
                "psr-4": {
                    "feather\\": "src/"
                }
            },
            "notification-url": "https://packagist.org/downloads/",
            "time": "2015-11-02 22:59:24"
        },
        {
            "name": "pinguinio/puffin-framework",
            "version": "dev-master",
            "source": {
                "type": "git",
                "url": "https://github.com/pinguinio/puffin-framework.git",
                "reference": "54c2bcb414ce7c9cceb77d8cc35fc9c9c16a55d5"
            },
            "dist": {
                "type": "zip",
                "url": "https://api.github.com/repos/pinguinio/puffin-framework/zipball/54c2bcb414ce7c9cceb77d8cc35fc9c9c16a55d5",
                "reference": "54c2bcb414ce7c9cceb77d8cc35fc9c9c16a55d5",
                "shasum": ""
            },
            "require": {
                "mustache/mustache": "~2.7",
                "phroute/phroute": "~2.0",
                "zordius/lightncandy": "dev-master"
            },
            "type": "library",
            "autoload": {
                "psr-4": {
                    "puffin\\": "src/"
                }
            },
            "license": [
                "MIT"
            ],
            "description": "A nice MVC framework, made by nice people.",
            "support": {
                "source": "https://github.com/pinguinio/puffin-framework/tree/master",
                "issues": "https://github.com/pinguinio/puffin-framework/issues"
            },
            "time": "2016-10-12 02:42:27"
        },
        {
            "name": "vladkens/autoprefixer",
            "version": "dev-master",
            "source": {
                "type": "git",
                "url": "https://github.com/vladkens/autoprefixer-php.git",
                "reference": "72409e120f2336d0f230627ebf3c8d5f0b99df8b"
            },
            "dist": {
                "type": "zip",
                "url": "https://api.github.com/repos/vladkens/autoprefixer-php/zipball/72409e120f2336d0f230627ebf3c8d5f0b99df8b",
                "reference": "72409e120f2336d0f230627ebf3c8d5f0b99df8b",
                "shasum": ""
            },
            "require": {
                "php": ">=5.3.0"
            },
            "type": "library",
            "autoload": {
                "psr-0": {
                    "": "lib"
                }
            },
            "notification-url": "https://packagist.org/downloads/",
            "license": [
                "MIT"
            ],
            "authors": [
                {
                    "name": "Vlad Pronsky",
                    "email": "vladkens@yandex.ru"
                }
            ],
            "description": "Run Autoprefixer using node.js in you php.",
            "keywords": [
                "Node.js",
                "autoprefixer",
                "css",
                "prefixes"
            ],
            "time": "2015-06-14 13:40:00"
        },
        {
            "name": "zordius/lightncandy",
            "version": "dev-master",
            "source": {
                "type": "git",
                "url": "https://github.com/zordius/lightncandy.git",
                "reference": "df28163a3d64cad1b9b61a8ccd3a8042d89deb57"
            },
            "dist": {
                "type": "zip",
                "url": "https://api.github.com/repos/zordius/lightncandy/zipball/df28163a3d64cad1b9b61a8ccd3a8042d89deb57",
                "reference": "df28163a3d64cad1b9b61a8ccd3a8042d89deb57",
                "shasum": ""
            },
            "require": {
                "php": ">=5.4.0"
            },
            "require-dev": {
                "phpunit/phpunit": "4.0.17"
            },
            "type": "library",
            "extra": {
                "branch-alias": {
                    "dev-master": "1.0.0-dev"
                }
            },
            "autoload": {
                "psr-4": {
                    "LightnCandy\\": "src"
                }
            },
            "notification-url": "https://packagist.org/downloads/",
            "license": [
                "MIT"
            ],
            "authors": [
                {
                    "name": "Zordius Chen",
                    "email": "zordius@yahoo-inc.com"
                }
            ],
            "description": "An extremely fast PHP implementation of handlebars ( http://handlebarsjs.com/ ) and mustache ( http://mustache.github.io/ ).",
            "homepage": "https://github.com/zordius/lightncandy",
            "keywords": [
                "handlebars",
                "logicless",
                "mustache",
                "php",
                "template"
            ],
            "time": "2016-08-24 10:18:47"
        }
    ],
    "packages-dev": [],
    "aliases": [],
    "minimum-stability": "alpha",
    "stability-flags": {
        "pinguinio/puffin-framework": 20,
        "zordius/lightncandy": 20,
        "vladkens/autoprefixer": 20,
        "pinguinio/node-php-process": 20
    },
    "prefer-stable": false,
    "prefer-lowest": false,
    "platform": [],
    "platform-dev": []
}
