{
    "_readme": [
        "This file locks the dependencies of your project to a known state",
        "Read more about it at https://getcomposer.org/doc/01-basic-usage.md#composer-lock-the-lock-file",
        "This file is @generated automatically"
    ],
    "hash": "6046ebf3e7b7d70ae81060a22450f5d5",
    "content-hash": "d37641545fba4448e549fd3c5480e459",
    "packages": [
        {
            "name": "mustache/mustache",
            "version": "v2.10.0",
            "source": {
                "type": "git",
                "url": "https://github.com/bobthecow/mustache.php.git",
                "reference": "0bb2f76e2f34a8864a32be34c4ec66274d76c05e"
            },
            "dist": {
                "type": "zip",
                "url": "https://api.github.com/repos/bobthecow/mustache.php/zipball/0bb2f76e2f34a8864a32be34c4ec66274d76c05e",
                "reference": "0bb2f76e2f34a8864a32be34c4ec66274d76c05e",
                "shasum": ""
            },
            "require": {
                "php": ">=5.2.4"
            },
            "require-dev": {
                "fabpot/php-cs-fixer": "~1.6",
                "phpunit/phpunit": "~3.7|~4.0|~5.0"
            },
            "type": "library",
            "autoload": {
                "psr-0": {
                    "Mustache": "src/"
                }
            },
            "notification-url": "https://packagist.org/downloads/",
            "license": [
                "MIT"
            ],
            "authors": [
                {
                    "name": "Justin Hileman",
                    "email": "justin@justinhileman.info",
                    "homepage": "http://justinhileman.com"
                }
            ],
            "description": "A Mustache implementation in PHP.",
            "homepage": "https://github.com/bobthecow/mustache.php",
            "keywords": [
                "mustache",
                "templating"
            ],
            "time": "2016-02-27 19:22:46"
        },
        {
            "name": "phpmailer/phpmailer",
            "version": "v5.2.15",
            "source": {
                "type": "git",
                "url": "https://github.com/PHPMailer/PHPMailer.git",
                "reference": "d0186171b28af4f06ac2ad8a84a8f3d6cbc3ba6c"
            },
            "dist": {
                "type": "zip",
                "url": "https://api.github.com/repos/PHPMailer/PHPMailer/zipball/d0186171b28af4f06ac2ad8a84a8f3d6cbc3ba6c",
                "reference": "d0186171b28af4f06ac2ad8a84a8f3d6cbc3ba6c",
                "shasum": ""
            },
            "require": {
                "php": ">=5.0.0"
            },
            "require-dev": {
                "phpdocumentor/phpdocumentor": "*",
                "phpunit/phpunit": "4.7.*"
            },
            "suggest": {
                "league/oauth2-google": "Needed for Google XOAUTH2 authentication"
            },
            "type": "library",
            "autoload": {
                "classmap": [
                    "class.phpmailer.php",
                    "class.phpmaileroauth.php",
                    "class.phpmaileroauthgoogle.php",
                    "class.smtp.php",
                    "class.pop3.php",
                    "extras/EasyPeasyICS.php",
                    "extras/ntlm_sasl_client.php"
                ]
            },
            "notification-url": "https://packagist.org/downloads/",
            "license": [
                "LGPL-2.1"
            ],
            "authors": [
                {
                    "name": "Jim Jagielski",
                    "email": "jimjag@gmail.com"
                },
                {
                    "name": "Marcus Bointon",
                    "email": "phpmailer@synchromedia.co.uk"
                },
                {
                    "name": "Andy Prevost",
                    "email": "codeworxtech@users.sourceforge.net"
                },
                {
                    "name": "Brent R. Matzelle"
                }
            ],
            "description": "PHPMailer is a full-featured email creation and transfer class for PHP",
            "time": "2016-05-10 18:39:36"
        },
        {
            "name": "phroute/phroute",
            "version": "v2.1.0",
            "source": {
                "type": "git",
                "url": "https://github.com/mrjgreen/phroute.git",
                "reference": "dbe2b986f9ee1dd33dc956fcc35d1fa22e8e196c"
            },
            "dist": {
                "type": "zip",
                "url": "https://api.github.com/repos/mrjgreen/phroute/zipball/dbe2b986f9ee1dd33dc956fcc35d1fa22e8e196c",
                "reference": "dbe2b986f9ee1dd33dc956fcc35d1fa22e8e196c",
                "shasum": ""
            },
            "require": {
                "php": ">=5.4.0"
            },
            "require-dev": {
                "phpunit/phpunit": "*",
                "satooshi/php-coveralls": "dev-master"
            },
            "type": "library",
            "autoload": {
                "psr-4": {
                    "Phroute\\Phroute\\": "src/Phroute"
                }
            },
            "notification-url": "https://packagist.org/downloads/",
            "license": [
                "BSD-3-Clause"
            ],
            "authors": [
                {
                    "name": "Joe Green",
                    "email": "joe.green.0991@gmail.com"
                }
            ],
            "description": "Fast, fully featured restful request router for PHP",
            "keywords": [
                "router",
                "routing"
            ],
            "time": "2015-07-22 20:46:43"
        },
        {
            "name": "pinguinio/puffin-feather",
            "version": "v0001",
            "source": {
                "type": "git",
                "url": "https://bitbucket.org/pinguinio/puffin-feather.git",
                "reference": "8e940c44b17457f7c660fbffb306d00df1dba473"
            },
            "dist": {
                "type": "zip",
                "url": "https://bitbucket.org/pinguinio/puffin-feather/get/8e940c44b17457f7c660fbffb306d00df1dba473.zip",
                "reference": "8e940c44b17457f7c660fbffb306d00df1dba473",
                "shasum": ""
            },
            "type": "library",
            "autoload": {
                "psr-4": {
                    "feather\\": "src/"
                }
            },
            "notification-url": "https://packagist.org/downloads/",
            "time": "2015-11-02 22:59:24"
        },
        {
            "name": "pinguinio/puffin-framework",
            "version": "1.0.0-beta13",
            "source": {
                "type": "git",
                "url": "https://bitbucket.org/pinguinio/puffin-framework.git",
                "reference": "5500f4d723c11222a13703b4d5085aab48b13659"
            },
            "dist": {
                "type": "zip",
                "url": "https://bitbucket.org/pinguinio/puffin-framework/get/5500f4d723c11222a13703b4d5085aab48b13659.zip",
                "reference": "5500f4d723c11222a13703b4d5085aab48b13659",
                "shasum": ""
            },
            "require": {
                "mustache/mustache": "~2.7",
                "phroute/phroute": "~2.0"
            },
            "type": "library",
            "autoload": {
                "psr-4": {
                    "puffin\\": "src/"
                }
            },
            "notification-url": "https://packagist.org/downloads/",
            "license": [
                "MIT"
            ],
            "description": "A nice MVC framework utilizing mustache",
            "time": "2016-05-11 05:56:11"
        }
    ],
    "packages-dev": [],
    "aliases": [],
    "minimum-stability": "alpha",
    "stability-flags": [],
    "prefer-stable": false,
    "prefer-lowest": false,
    "platform": [],
    "platform-dev": []
}
